
Microsoft Visual Studio Solution File, Format Version 12.00
# Visual Studio Version 16
VisualStudioVersion = 16.0.29519.181
MinimumVisualStudioVersion = 10.0.40219.1
Project("{FAE04EC0-301F-11D3-BF4B-00C04F79EFBC}") = "MetaModelCoreApp", "MetaModelCoreApp.csproj", "{A5A31B61-BB60-487F-AF1B-5927E825D826}"
EndProject
Global
	GlobalSection(SolutionConfigurationPlatforms) = preSolution
		Debug|Any CPU = Debug|Any CPU
		Release|Any CPU = Release|Any CPU
	EndGlobalSection
	GlobalSection(ProjectConfigurationPlatforms) = postSolution
		{A5A31B61-BB60-487F-AF1B-5927E825D826}.Debug|Any CPU.ActiveCfg = Debug|Any CPU
		{A5A31B61-BB60-487F-AF1B-5927E825D826}.Debug|Any CPU.Build.0 = Debug|Any CPU
		{A5A31B61-BB60-487F-AF1B-5927E825D826}.Release|Any CPU.ActiveCfg = Release|Any CPU
		{A5A31B61-BB60-487F-AF1B-5927E825D826}.Release|Any CPU.Build.0 = Release|Any CPU
	EndGlobalSection
	GlobalSection(SolutionProperties) = preSolution
		HideSolutionNode = FALSE
	EndGlobalSection
	GlobalSection(ExtensibilityGlobals) = postSolution
		SolutionGuid = {D602BFBB-E37A-42EC-BB47-E8F313A25EF0}
	EndGlobalSection
EndGlobal
